
Microsoft Visual Studio Solution File, Format Version 12.00
# Visual Studio Version 17
VisualStudioVersion = 17.0.31903.59
MinimumVisualStudioVersion = 10.0.40219.1
Project("{2150E333-8FDC-42A3-9474-1A3956D46DE8}") = "src", "src", "{827E0CD3-B72D-47B6-A68D-7590B98EB39B}"
EndProject
Project("{FAE04EC0-301F-11D3-BF4B-00C04F79EFBC}") = "Location.Tracking.Domain", "src\Location.Tracking.Domain\Location.Tracking.Domain.csproj", "{F2E784F7-4203-4D17-9C17-4A9B5333F6A8}"
EndProject
Project("{FAE04EC0-301F-11D3-BF4B-00C04F79EFBC}") = "Location.Tracking.Application", "src\Location.Tracking.Application\Location.Tracking.Application.csproj", "{8D5C6969-1F1E-455E-9C67-40E7280B469C}"
EndProject
Project("{FAE04EC0-301F-11D3-BF4B-00C04F79EFBC}") = "Location.Tracking.Infrastructure", "src\Location.Tracking.Infrastructure\Location.Tracking.Infrastructure.csproj", "{C79DE620-FA86-415D-B036-729B9F42A41A}"
EndProject
Project("{FAE04EC0-301F-11D3-BF4B-00C04F79EFBC}") = "Location.Tracking.Api", "src\Location.Tracking.Api\Location.Tracking.Api.csproj", "{955EAAB3-032C-44BF-A437-3BE784364F74}"
EndProject
Project("{2150E333-8FDC-42A3-9474-1A3956D46DE8}") = "tests", "tests", "{02EA681E-C7D8-13C7-8484-4AC65E1B71E8}"
EndProject
Project("{FAE04EC0-301F-11D3-BF4B-00C04F79EFBC}") = "Location.Tracking.Api.Tests", "tests\Location.Tracking.Api.Tests\Location.Tracking.Api.Tests.csproj", "{871DF19E-3B5B-E7E4-2E19-9FC06894988C}"
EndProject
Project("{FAE04EC0-301F-11D3-BF4B-00C04F79EFBC}") = "Location.Tracking.Application.Tests", "tests\Location.Tracking.Application.Tests\Location.Tracking.Application.Tests.csproj", "{BA29BE29-AA1D-A716-771A-4AEC287C4234}"
EndProject
Project("{FAE04EC0-301F-11D3-BF4B-00C04F79EFBC}") = "Location.Tracking.Domain.Tests", "tests\Location.Tracking.Domain.Tests\Location.Tracking.Domain.Tests.csproj", "{1843A7A1-52E4-8CB3-3BEC-CE318F2F9CFC}"
EndProject
Project("{FAE04EC0-301F-11D3-BF4B-00C04F79EFBC}") = "Location.Tracking.Infrastructure.Tests", "tests\Location.Tracking.Infrastructure.Tests\Location.Tracking.Infrastructure.Tests.csproj", "{DD28B0B0-EADD-4A8F-8F77-BC2DAC214F17}"
EndProject
Global
	GlobalSection(SolutionConfigurationPlatforms) = preSolution
		Debug|Any CPU = Debug|Any CPU
		Debug|x64 = Debug|x64
		Debug|x86 = Debug|x86
		Release|Any CPU = Release|Any CPU
		Release|x64 = Release|x64
		Release|x86 = Release|x86
	EndGlobalSection
	GlobalSection(ProjectConfigurationPlatforms) = postSolution
		{F2E784F7-4203-4D17-9C17-4A9B5333F6A8}.Debug|Any CPU.ActiveCfg = Debug|Any CPU
		{F2E784F7-4203-4D17-9C17-4A9B5333F6A8}.Debug|Any CPU.Build.0 = Debug|Any CPU
		{F2E784F7-4203-4D17-9C17-4A9B5333F6A8}.Debug|x64.ActiveCfg = Debug|Any CPU
		{F2E784F7-4203-4D17-9C17-4A9B5333F6A8}.Debug|x64.Build.0 = Debug|Any CPU
		{F2E784F7-4203-4D17-9C17-4A9B5333F6A8}.Debug|x86.ActiveCfg = Debug|Any CPU
		{F2E784F7-4203-4D17-9C17-4A9B5333F6A8}.Debug|x86.Build.0 = Debug|Any CPU
		{F2E784F7-4203-4D17-9C17-4A9B5333F6A8}.Release|Any CPU.ActiveCfg = Release|Any CPU
		{F2E784F7-4203-4D17-9C17-4A9B5333F6A8}.Release|Any CPU.Build.0 = Release|Any CPU
		{F2E784F7-4203-4D17-9C17-4A9B5333F6A8}.Release|x64.ActiveCfg = Release|Any CPU
		{F2E784F7-4203-4D17-9C17-4A9B5333F6A8}.Release|x64.Build.0 = Release|Any CPU
		{F2E784F7-4203-4D17-9C17-4A9B5333F6A8}.Release|x86.ActiveCfg = Release|Any CPU
		{F2E784F7-4203-4D17-9C17-4A9B5333F6A8}.Release|x86.Build.0 = Release|Any CPU
		{8D5C6969-1F1E-455E-9C67-40E7280B469C}.Debug|Any CPU.ActiveCfg = Debug|Any CPU
		{8D5C6969-1F1E-455E-9C67-40E7280B469C}.Debug|Any CPU.Build.0 = Debug|Any CPU
		{8D5C6969-1F1E-455E-9C67-40E7280B469C}.Debug|x64.ActiveCfg = Debug|Any CPU
		{8D5C6969-1F1E-455E-9C67-40E7280B469C}.Debug|x64.Build.0 = Debug|Any CPU
		{8D5C6969-1F1E-455E-9C67-40E7280B469C}.Debug|x86.ActiveCfg = Debug|Any CPU
		{8D5C6969-1F1E-455E-9C67-40E7280B469C}.Debug|x86.Build.0 = Debug|Any CPU
		{8D5C6969-1F1E-455E-9C67-40E7280B469C}.Release|Any CPU.ActiveCfg = Release|Any CPU
		{8D5C6969-1F1E-455E-9C67-40E7280B469C}.Release|Any CPU.Build.0 = Release|Any CPU
		{8D5C6969-1F1E-455E-9C67-40E7280B469C}.Release|x64.ActiveCfg = Release|Any CPU
		{8D5C6969-1F1E-455E-9C67-40E7280B469C}.Release|x64.Build.0 = Release|Any CPU
		{8D5C6969-1F1E-455E-9C67-40E7280B469C}.Release|x86.ActiveCfg = Release|Any CPU
		{8D5C6969-1F1E-455E-9C67-40E7280B469C}.Release|x86.Build.0 = Release|Any CPU
		{C79DE620-FA86-415D-B036-729B9F42A41A}.Debug|Any CPU.ActiveCfg = Debug|Any CPU
		{C79DE620-FA86-415D-B036-729B9F42A41A}.Debug|Any CPU.Build.0 = Debug|Any CPU
		{C79DE620-FA86-415D-B036-729B9F42A41A}.Debug|x64.ActiveCfg = Debug|Any CPU
		{C79DE620-FA86-415D-B036-729B9F42A41A}.Debug|x64.Build.0 = Debug|Any CPU
		{C79DE620-FA86-415D-B036-729B9F42A41A}.Debug|x86.ActiveCfg = Debug|Any CPU
		{C79DE620-FA86-415D-B036-729B9F42A41A}.Debug|x86.Build.0 = Debug|Any CPU
		{C79DE620-FA86-415D-B036-729B9F42A41A}.Release|Any CPU.ActiveCfg = Release|Any CPU
		{C79DE620-FA86-415D-B036-729B9F42A41A}.Release|Any CPU.Build.0 = Release|Any CPU
		{C79DE620-FA86-415D-B036-729B9F42A41A}.Release|x64.ActiveCfg = Release|Any CPU
		{C79DE620-FA86-415D-B036-729B9F42A41A}.Release|x64.Build.0 = Release|Any CPU
		{C79DE620-FA86-415D-B036-729B9F42A41A}.Release|x86.ActiveCfg = Release|Any CPU
		{C79DE620-FA86-415D-B036-729B9F42A41A}.Release|x86.Build.0 = Release|Any CPU
		{955EAAB3-032C-44BF-A437-3BE784364F74}.Debug|Any CPU.ActiveCfg = Debug|Any CPU
		{955EAAB3-032C-44BF-A437-3BE784364F74}.Debug|Any CPU.Build.0 = Debug|Any CPU
		{955EAAB3-032C-44BF-A437-3BE784364F74}.Debug|x64.ActiveCfg = Debug|Any CPU
		{955EAAB3-032C-44BF-A437-3BE784364F74}.Debug|x64.Build.0 = Debug|Any CPU
		{955EAAB3-032C-44BF-A437-3BE784364F74}.Debug|x86.ActiveCfg = Debug|Any CPU
		{955EAAB3-032C-44BF-A437-3BE784364F74}.Debug|x86.Build.0 = Debug|Any CPU
		{955EAAB3-032C-44BF-A437-3BE784364F74}.Release|Any CPU.ActiveCfg = Release|Any CPU
		{955EAAB3-032C-44BF-A437-3BE784364F74}.Release|Any CPU.Build.0 = Release|Any CPU
		{955EAAB3-032C-44BF-A437-3BE784364F74}.Release|x64.ActiveCfg = Release|Any CPU
		{955EAAB3-032C-44BF-A437-3BE784364F74}.Release|x64.Build.0 = Release|Any CPU
		{955EAAB3-032C-44BF-A437-3BE784364F74}.Release|x86.ActiveCfg = Release|Any CPU
		{955EAAB3-032C-44BF-A437-3BE784364F74}.Release|x86.Build.0 = Release|Any CPU
		{871DF19E-3B5B-E7E4-2E19-9FC06894988C}.Debug|Any CPU.ActiveCfg = Debug|Any CPU
		{871DF19E-3B5B-E7E4-2E19-9FC06894988C}.Debug|Any CPU.Build.0 = Debug|Any CPU
		{871DF19E-3B5B-E7E4-2E19-9FC06894988C}.Debug|x64.ActiveCfg = Debug|Any CPU
		{871DF19E-3B5B-E7E4-2E19-9FC06894988C}.Debug|x64.Build.0 = Debug|Any CPU
		{871DF19E-3B5B-E7E4-2E19-9FC06894988C}.Debug|x86.ActiveCfg = Debug|Any CPU
		{871DF19E-3B5B-E7E4-2E19-9FC06894988C}.Debug|x86.Build.0 = Debug|Any CPU
		{871DF19E-3B5B-E7E4-2E19-9FC06894988C}.Release|Any CPU.ActiveCfg = Release|Any CPU
		{871DF19E-3B5B-E7E4-2E19-9FC06894988C}.Release|Any CPU.Build.0 = Release|Any CPU
		{871DF19E-3B5B-E7E4-2E19-9FC06894988C}.Release|x64.ActiveCfg = Release|Any CPU
		{871DF19E-3B5B-E7E4-2E19-9FC06894988C}.Release|x64.Build.0 = Release|Any CPU
		{871DF19E-3B5B-E7E4-2E19-9FC06894988C}.Release|x86.ActiveCfg = Release|Any CPU
		{871DF19E-3B5B-E7E4-2E19-9FC06894988C}.Release|x86.Build.0 = Release|Any CPU
		{BA29BE29-AA1D-A716-771A-4AEC287C4234}.Debug|Any CPU.ActiveCfg = Debug|Any CPU
		{BA29BE29-AA1D-A716-771A-4AEC287C4234}.Debug|Any CPU.Build.0 = Debug|Any CPU
		{BA29BE29-AA1D-A716-771A-4AEC287C4234}.Debug|x64.ActiveCfg = Debug|Any CPU
		{BA29BE29-AA1D-A716-771A-4AEC287C4234}.Debug|x64.Build.0 = Debug|Any CPU
		{BA29BE29-AA1D-A716-771A-4AEC287C4234}.Debug|x86.ActiveCfg = Debug|Any CPU
		{BA29BE29-AA1D-A716-771A-4AEC287C4234}.Debug|x86.Build.0 = Debug|Any CPU
		{BA29BE29-AA1D-A716-771A-4AEC287C4234}.Release|Any CPU.ActiveCfg = Release|Any CPU
		{BA29BE29-AA1D-A716-771A-4AEC287C4234}.Release|Any CPU.Build.0 = Release|Any CPU
		{BA29BE29-AA1D-A716-771A-4AEC287C4234}.Release|x64.ActiveCfg = Release|Any CPU
		{BA29BE29-AA1D-A716-771A-4AEC287C4234}.Release|x64.Build.0 = Release|Any CPU
		{BA29BE29-AA1D-A716-771A-4AEC287C4234}.Release|x86.ActiveCfg = Release|Any CPU
		{BA29BE29-AA1D-A716-771A-4AEC287C4234}.Release|x86.Build.0 = Release|Any CPU
		{1843A7A1-52E4-8CB3-3BEC-CE318F2F9CFC}.Debug|Any CPU.ActiveCfg = Debug|Any CPU
		{1843A7A1-52E4-8CB3-3BEC-CE318F2F9CFC}.Debug|Any CPU.Build.0 = Debug|Any CPU
		{1843A7A1-52E4-8CB3-3BEC-CE318F2F9CFC}.Debug|x64.ActiveCfg = Debug|Any CPU
		{1843A7A1-52E4-8CB3-3BEC-CE318F2F9CFC}.Debug|x64.Build.0 = Debug|Any CPU
		{1843A7A1-52E4-8CB3-3BEC-CE318F2F9CFC}.Debug|x86.ActiveCfg = Debug|Any CPU
		{1843A7A1-52E4-8CB3-3BEC-CE318F2F9CFC}.Debug|x86.Build.0 = Debug|Any CPU
		{1843A7A1-52E4-8CB3-3BEC-CE318F2F9CFC}.Release|Any CPU.ActiveCfg = Release|Any CPU
		{1843A7A1-52E4-8CB3-3BEC-CE318F2F9CFC}.Release|Any CPU.Build.0 = Release|Any CPU
		{1843A7A1-52E4-8CB3-3BEC-CE318F2F9CFC}.Release|x64.ActiveCfg = Release|Any CPU
		{1843A7A1-52E4-8CB3-3BEC-CE318F2F9CFC}.Release|x64.Build.0 = Release|Any CPU
		{1843A7A1-52E4-8CB3-3BEC-CE318F2F9CFC}.Release|x86.ActiveCfg = Release|Any CPU
		{1843A7A1-52E4-8CB3-3BEC-CE318F2F9CFC}.Release|x86.Build.0 = Release|Any CPU
		{DD28B0B0-EADD-4A8F-8F77-BC2DAC214F17}.Debug|Any CPU.ActiveCfg = Debug|Any CPU
		{DD28B0B0-EADD-4A8F-8F77-BC2DAC214F17}.Debug|Any CPU.Build.0 = Debug|Any CPU
		{DD28B0B0-EADD-4A8F-8F77-BC2DAC214F17}.Debug|x64.ActiveCfg = Debug|Any CPU
		{DD28B0B0-EADD-4A8F-8F77-BC2DAC214F17}.Debug|x64.Build.0 = Debug|Any CPU
		{DD28B0B0-EADD-4A8F-8F77-BC2DAC214F17}.Debug|x86.ActiveCfg = Debug|Any CPU
		{DD28B0B0-EADD-4A8F-8F77-BC2DAC214F17}.Debug|x86.Build.0 = Debug|Any CPU
		{DD28B0B0-EADD-4A8F-8F77-BC2DAC214F17}.Release|Any CPU.ActiveCfg = Release|Any CPU
		{DD28B0B0-EADD-4A8F-8F77-BC2DAC214F17}.Release|Any CPU.Build.0 = Release|Any CPU
		{DD28B0B0-EADD-4A8F-8F77-BC2DAC214F17}.Release|x64.ActiveCfg = Release|Any CPU
		{DD28B0B0-EADD-4A8F-8F77-BC2DAC214F17}.Release|x64.Build.0 = Release|Any CPU
		{DD28B0B0-EADD-4A8F-8F77-BC2DAC214F17}.Release|x86.ActiveCfg = Release|Any CPU
		{DD28B0B0-EADD-4A8F-8F77-BC2DAC214F17}.Release|x86.Build.0 = Release|Any CPU
	EndGlobalSection
	GlobalSection(SolutionProperties) = preSolution
		HideSolutionNode = FALSE
	EndGlobalSection
	GlobalSection(NestedProjects) = preSolution
		{F2E784F7-4203-4D17-9C17-4A9B5333F6A8} = {827E0CD3-B72D-47B6-A68D-7590B98EB39B}
		{8D5C6969-1F1E-455E-9C67-40E7280B469C} = {827E0CD3-B72D-47B6-A68D-7590B98EB39B}
		{C79DE620-FA86-415D-B036-729B9F42A41A} = {827E0CD3-B72D-47B6-A68D-7590B98EB39B}
		{955EAAB3-032C-44BF-A437-3BE784364F74} = {827E0CD3-B72D-47B6-A68D-7590B98EB39B}
		{871DF19E-3B5B-E7E4-2E19-9FC06894988C} = {02EA681E-C7D8-13C7-8484-4AC65E1B71E8}
		{BA29BE29-AA1D-A716-771A-4AEC287C4234} = {02EA681E-C7D8-13C7-8484-4AC65E1B71E8}
		{1843A7A1-52E4-8CB3-3BEC-CE318F2F9CFC} = {02EA681E-C7D8-13C7-8484-4AC65E1B71E8}
		{DD28B0B0-EADD-4A8F-8F77-BC2DAC214F17} = {02EA681E-C7D8-13C7-8484-4AC65E1B71E8}
	EndGlobalSection
	GlobalSection(ExtensibilityGlobals) = postSolution
		SolutionGuid = {B2CF5041-29C4-4FA4-8CA9-1849FFA01887}
	EndGlobalSection
EndGlobal
